
Microsoft Visual Studio Solution File, Format Version 12.00
# Visual Studio 15
VisualStudioVersion = 15.0.27004.2002
MinimumVisualStudioVersion = 10.0.40219.1
Project("{9A19103F-16F7-4668-BE54-9A1E7A4F7556}") = "Aiursoft.Pylon", ".\src\Aiursoft.Pylon.csproj", "{F6DCF9C2-F682-4046-A30D-3860490B8B31}"
EndProject
Global
	GlobalSection(SolutionConfigurationPlatforms) = preSolution
		Debug|Any CPU = Debug|Any CPU
		Release|Any CPU = Release|Any CPU
	EndGlobalSection
	GlobalSection(ProjectConfigurationPlatforms) = postSolution
		{F6DCF9C2-F682-4046-A30D-3860490B8B31}.Debug|Any CPU.ActiveCfg = Debug|Any CPU
		{F6DCF9C2-F682-4046-A30D-3860490B8B31}.Debug|Any CPU.Build.0 = Debug|Any CPU
		{F6DCF9C2-F682-4046-A30D-3860490B8B31}.Release|Any CPU.ActiveCfg = Release|Any CPU
		{F6DCF9C2-F682-4046-A30D-3860490B8B31}.Release|Any CPU.Build.0 = Release|Any CPU
	EndGlobalSection
	GlobalSection(SolutionProperties) = preSolution
		HideSolutionNode = FALSE
	EndGlobalSection
	GlobalSection(ExtensibilityGlobals) = postSolution
		SolutionGuid = {B11F3E8F-5D34-45C1-887F-B67B92ACEB1D}
	EndGlobalSection
EndGlobal
